<?xml version="1.0" encoding="UTF-8" standalone="yes" ?>
<CodeBlocks_project_file>
	<FileVersion major="1" minor="6" />
	<Project>
		<Option title="libs" />
		<Option pch_mode="2" />
		<Option compiler="gcc" />
		<Build>
			<Target title="Debug">
				<Option output="bin/Debug/s" prefix_auto="1" extension_auto="1" />
				<Option working_dir="" />
				<Option object_output="obj/Debug/" />
				<Option type="2" />
				<Option compiler="gcc" />
				<Option createDefFile="1" />
				<Compiler>
					<Add option="-Wall" />
					<Add option="-g" />
				</Compiler>
			</Target>
			<Target title="Release">
				<Option output="bin/Release/s" prefix_auto="1" extension_auto="1" />
				<Option working_dir="" />
				<Option object_output="obj/Release/" />
				<Option type="2" />
				<Option compiler="gcc" />
				<Option createDefFile="1" />
				<Compiler>
					<Add option="-Wall" />
					<Add option="-O2" />
				</Compiler>
				<Linker>
					<Add option="-s" />
				</Linker>
			</Target>
		</Build>
		<Unit filename="cells/constructors.c">
			<Option compilerVar="CC" />
		</Unit>
		<Unit filename="cells/constructors.h" />
		<Unit filename="cells/methods.c">
			<Option compilerVar="CC" />
		</Unit>
		<Unit filename="cells/methods.h" />
		<Unit filename="macros.h" />
		<Unit filename="main.h" />
		<Unit filename="utilities.c">
			<Option compilerVar="CC" />
		</Unit>
		<Unit filename="utilities.h" />
		<Unit filename="validators.c">
			<Option compilerVar="CC" />
		</Unit>
		<Unit filename="validators.h" />
		<Extensions>
			<lib_finder disable_auto="1" />
		</Extensions>
	</Project>
</CodeBlocks_project_file>
